
Microsoft Visual Studio Solution File, Format Version 12.00
# Visual Studio 14
VisualStudioVersion = 14.0.25123.0
MinimumVisualStudioVersion = 10.0.40219.1
Project("{2150E333-8FDC-42A3-9474-1A3956D46DE8}") = "src", "src", "{9B64D28F-9335-4ADF-9FD8-8DC130F9807C}"
EndProject
Project("{2150E333-8FDC-42A3-9474-1A3956D46DE8}") = "Solution Items", "Solution Items", "{788D01AC-CEF3-4993-87E3-FC21AAE8DCA6}"
	ProjectSection(SolutionItems) = preProject
		global.json = global.json
	EndProjectSection
EndProject
Project("{8BB2217D-0F2D-49D1-97BC-3654ED321F3B}") = "WebApplication1", "src\WebApplication1\WebApplication1.xproj", "{A79BD45C-242E-4C70-995A-02B6F6D60F29}"
EndProject
Global
	GlobalSection(SolutionConfigurationPlatforms) = preSolution
		Debug|Any CPU = Debug|Any CPU
		Release|Any CPU = Release|Any CPU
	EndGlobalSection
	GlobalSection(ProjectConfigurationPlatforms) = postSolution
		{A79BD45C-242E-4C70-995A-02B6F6D60F29}.Debug|Any CPU.ActiveCfg = Debug|Any CPU
		{A79BD45C-242E-4C70-995A-02B6F6D60F29}.Debug|Any CPU.Build.0 = Debug|Any CPU
		{A79BD45C-242E-4C70-995A-02B6F6D60F29}.Release|Any CPU.ActiveCfg = Release|Any CPU
		{A79BD45C-242E-4C70-995A-02B6F6D60F29}.Release|Any CPU.Build.0 = Release|Any CPU
	EndGlobalSection
	GlobalSection(SolutionProperties) = preSolution
		HideSolutionNode = FALSE
	EndGlobalSection
	GlobalSection(NestedProjects) = preSolution
		{A79BD45C-242E-4C70-995A-02B6F6D60F29} = {9B64D28F-9335-4ADF-9FD8-8DC130F9807C}
	EndGlobalSection
EndGlobal
